{
  "name": "image-uploader",
  "version": "1.0.0",
  "lockfileVersion": 1,
  "requires": true,
  "dependencies": {
    "serverless-external-s3-event": {
      "version": "1.0.9",
      "resolved": "https://registry.npmjs.org/serverless-external-s3-event/-/serverless-external-s3-event-1.0.9.tgz",
      "integrity": "sha512-PMZgwm0uRFYY3h7ilis/5MIwyovZng3DncDi45ZGR0oAD4hZSWDrNF+K6Ncsmuz/MoZHJ3zxXbkCMfkKCLzSgA=="
    }
  }
}
